
Microsoft Visual Studio Solution File, Format Version 12.00
# Visual Studio 15
VisualStudioVersion = 15.0.27130.2036
MinimumVisualStudioVersion = 10.0.40219.1
Project("{FAE04EC0-301F-11D3-BF4B-00C04F79EFBC}") = "MagisterWebSite", "MagisterWebSite.csproj", "{0AAD13E6-CC2B-4DDA-95A3-109490F928D4}"
EndProject
Project("{FAE04EC0-301F-11D3-BF4B-00C04F79EFBC}") = "MagisterWeb", "..\MagisterWeb\MagisterWeb.csproj", "{3522EE72-22E1-4935-808D-B8B6698FBE2E}"
EndProject
Global
	GlobalSection(SolutionConfigurationPlatforms) = preSolution
		Debug|Any CPU = Debug|Any CPU
		Release|Any CPU = Release|Any CPU
	EndGlobalSection
	GlobalSection(ProjectConfigurationPlatforms) = postSolution
		{0AAD13E6-CC2B-4DDA-95A3-109490F928D4}.Debug|Any CPU.ActiveCfg = Debug|Any CPU
		{0AAD13E6-CC2B-4DDA-95A3-109490F928D4}.Debug|Any CPU.Build.0 = Debug|Any CPU
		{0AAD13E6-CC2B-4DDA-95A3-109490F928D4}.Release|Any CPU.ActiveCfg = Release|Any CPU
		{0AAD13E6-CC2B-4DDA-95A3-109490F928D4}.Release|Any CPU.Build.0 = Release|Any CPU
		{3522EE72-22E1-4935-808D-B8B6698FBE2E}.Debug|Any CPU.ActiveCfg = Debug|Any CPU
		{3522EE72-22E1-4935-808D-B8B6698FBE2E}.Debug|Any CPU.Build.0 = Debug|Any CPU
		{3522EE72-22E1-4935-808D-B8B6698FBE2E}.Release|Any CPU.ActiveCfg = Release|Any CPU
		{3522EE72-22E1-4935-808D-B8B6698FBE2E}.Release|Any CPU.Build.0 = Release|Any CPU
	EndGlobalSection
	GlobalSection(SolutionProperties) = preSolution
		HideSolutionNode = FALSE
	EndGlobalSection
	GlobalSection(ExtensibilityGlobals) = postSolution
		SolutionGuid = {DE209D19-63CB-4AB0-BF06-80C4D9779002}
	EndGlobalSection
EndGlobal
